
Microsoft Visual Studio Solution File, Format Version 12.00
# Visual Studio Version 17
VisualStudioVersion = 17.14.37012.4 d17.14
MinimumVisualStudioVersion = 10.0.40219.1
Project("{FAE04EC0-301F-11D3-BF4B-00C04F79EFBC}") = "Tema 3", "Tema 3.csproj", "{C9222F34-4251-4A61-ADE8-D94777C20763}"
EndProject
Global
	GlobalSection(SolutionConfigurationPlatforms) = preSolution
		Debug|Any CPU = Debug|Any CPU
		Release|Any CPU = Release|Any CPU
	EndGlobalSection
	GlobalSection(ProjectConfigurationPlatforms) = postSolution
		{C9222F34-4251-4A61-ADE8-D94777C20763}.Debug|Any CPU.ActiveCfg = Debug|Any CPU
		{C9222F34-4251-4A61-ADE8-D94777C20763}.Debug|Any CPU.Build.0 = Debug|Any CPU
		{C9222F34-4251-4A61-ADE8-D94777C20763}.Release|Any CPU.ActiveCfg = Release|Any CPU
		{C9222F34-4251-4A61-ADE8-D94777C20763}.Release|Any CPU.Build.0 = Release|Any CPU
	EndGlobalSection
	GlobalSection(SolutionProperties) = preSolution
		HideSolutionNode = FALSE
	EndGlobalSection
	GlobalSection(ExtensibilityGlobals) = postSolution
		SolutionGuid = {D7360125-8C9C-42C7-BBCD-70F63F4D48F8}
	EndGlobalSection
EndGlobal
